
Microsoft Visual Studio Solution File, Format Version 12.00
# Visual Studio Version 16
VisualStudioVersion = 16.0.31624.102
MinimumVisualStudioVersion = 10.0.40219.1
Project("{FAE04EC0-301F-11D3-BF4B-00C04F79EFBC}") = "Workit_Proyecto", "Workit_Proyecto.csproj", "{E4A1BA39-DE62-49C0-B603-B16F420C51FE}"
EndProject
Global
	GlobalSection(SolutionConfigurationPlatforms) = preSolution
		Debug|Any CPU = Debug|Any CPU
		Release|Any CPU = Release|Any CPU
	EndGlobalSection
	GlobalSection(ProjectConfigurationPlatforms) = postSolution
		{E4A1BA39-DE62-49C0-B603-B16F420C51FE}.Debug|Any CPU.ActiveCfg = Debug|Any CPU
		{E4A1BA39-DE62-49C0-B603-B16F420C51FE}.Debug|Any CPU.Build.0 = Debug|Any CPU
		{E4A1BA39-DE62-49C0-B603-B16F420C51FE}.Release|Any CPU.ActiveCfg = Release|Any CPU
		{E4A1BA39-DE62-49C0-B603-B16F420C51FE}.Release|Any CPU.Build.0 = Release|Any CPU
	EndGlobalSection
	GlobalSection(SolutionProperties) = preSolution
		HideSolutionNode = FALSE
	EndGlobalSection
	GlobalSection(ExtensibilityGlobals) = postSolution
		SolutionGuid = {39EEE19F-6A8B-4D57-9BD9-8D3F8F7AA6C2}
	EndGlobalSection
EndGlobal
